
Microsoft Visual Studio Solution File, Format Version 12.00
# Visual Studio Version 17
VisualStudioVersion = 17.11.35312.102
MinimumVisualStudioVersion = 10.0.40219.1
Project("{FAE04EC0-301F-11D3-BF4B-00C04F79EFBC}") = "HelloWorld", "HelloWorld\HelloWorld.csproj", "{111328D9-B1B8-4BD1-9337-3F30B6607481}"
EndProject
Global
	GlobalSection(SolutionConfigurationPlatforms) = preSolution
		Debug|Any CPU = Debug|Any CPU
		Release|Any CPU = Release|Any CPU
	EndGlobalSection
	GlobalSection(ProjectConfigurationPlatforms) = postSolution
		{111328D9-B1B8-4BD1-9337-3F30B6607481}.Debug|Any CPU.ActiveCfg = Debug|Any CPU
		{111328D9-B1B8-4BD1-9337-3F30B6607481}.Debug|Any CPU.Build.0 = Debug|Any CPU
		{111328D9-B1B8-4BD1-9337-3F30B6607481}.Release|Any CPU.ActiveCfg = Release|Any CPU
		{111328D9-B1B8-4BD1-9337-3F30B6607481}.Release|Any CPU.Build.0 = Release|Any CPU
	EndGlobalSection
	GlobalSection(SolutionProperties) = preSolution
		HideSolutionNode = FALSE
	EndGlobalSection
	GlobalSection(ExtensibilityGlobals) = postSolution
		SolutionGuid = {F7712A50-F8CD-4DF0-82F3-1CAD25DB5309}
	EndGlobalSection
EndGlobal
