
Microsoft Visual Studio Solution File, Format Version 12.00
# Visual Studio Version 17
VisualStudioVersion = 17.11.35312.102
MinimumVisualStudioVersion = 10.0.40219.1
Project("{FAE04EC0-301F-11D3-BF4B-00C04F79EFBC}") = "P2Sum2Num", "P2Sum2Num\P2Sum2Num.csproj", "{839E7D33-BAF2-481C-AFC7-BCD504AD5EB0}"
EndProject
Global
	GlobalSection(SolutionConfigurationPlatforms) = preSolution
		Debug|Any CPU = Debug|Any CPU
		Release|Any CPU = Release|Any CPU
	EndGlobalSection
	GlobalSection(ProjectConfigurationPlatforms) = postSolution
		{839E7D33-BAF2-481C-AFC7-BCD504AD5EB0}.Debug|Any CPU.ActiveCfg = Debug|Any CPU
		{839E7D33-BAF2-481C-AFC7-BCD504AD5EB0}.Debug|Any CPU.Build.0 = Debug|Any CPU
		{839E7D33-BAF2-481C-AFC7-BCD504AD5EB0}.Release|Any CPU.ActiveCfg = Release|Any CPU
		{839E7D33-BAF2-481C-AFC7-BCD504AD5EB0}.Release|Any CPU.Build.0 = Release|Any CPU
	EndGlobalSection
	GlobalSection(SolutionProperties) = preSolution
		HideSolutionNode = FALSE
	EndGlobalSection
	GlobalSection(ExtensibilityGlobals) = postSolution
		SolutionGuid = {C31EE0BC-D924-4CAC-8431-8588D59BC88A}
	EndGlobalSection
EndGlobal
